
Microsoft Visual Studio Solution File, Format Version 12.00
# Visual Studio Version 16
VisualStudioVersion = 16.0.29215.179
MinimumVisualStudioVersion = 10.0.40219.1
Project("{FAE04EC0-301F-11D3-BF4B-00C04F79EFBC}") = "SchoolNetwork", "SchoolNetwork.csproj", "{A3A1689D-F396-41CC-B0D3-1198425E24E5}"
EndProject
Project("{FAE04EC0-301F-11D3-BF4B-00C04F79EFBC}") = "SchoolNetwork.Demo", "..\SchoolNetwork.Demo\SchoolNetwork.Demo.csproj", "{50D935DC-A4D6-40CD-BC3C-D71556354786}"
EndProject
Global
	GlobalSection(SolutionConfigurationPlatforms) = preSolution
		Debug|Any CPU = Debug|Any CPU
		Release|Any CPU = Release|Any CPU
	EndGlobalSection
	GlobalSection(ProjectConfigurationPlatforms) = postSolution
		{A3A1689D-F396-41CC-B0D3-1198425E24E5}.Debug|Any CPU.ActiveCfg = Debug|Any CPU
		{A3A1689D-F396-41CC-B0D3-1198425E24E5}.Debug|Any CPU.Build.0 = Debug|Any CPU
		{A3A1689D-F396-41CC-B0D3-1198425E24E5}.Release|Any CPU.ActiveCfg = Release|Any CPU
		{A3A1689D-F396-41CC-B0D3-1198425E24E5}.Release|Any CPU.Build.0 = Release|Any CPU
		{50D935DC-A4D6-40CD-BC3C-D71556354786}.Debug|Any CPU.ActiveCfg = Debug|Any CPU
		{50D935DC-A4D6-40CD-BC3C-D71556354786}.Debug|Any CPU.Build.0 = Debug|Any CPU
		{50D935DC-A4D6-40CD-BC3C-D71556354786}.Release|Any CPU.ActiveCfg = Release|Any CPU
		{50D935DC-A4D6-40CD-BC3C-D71556354786}.Release|Any CPU.Build.0 = Release|Any CPU
	EndGlobalSection
	GlobalSection(SolutionProperties) = preSolution
		HideSolutionNode = FALSE
	EndGlobalSection
	GlobalSection(ExtensibilityGlobals) = postSolution
		SolutionGuid = {A6601D12-DE08-4D95-B341-46026472A2E4}
	EndGlobalSection
EndGlobal
